{
  "version": 4,
  "terraform_version": "1.14.8",
  "serial": 26,
  "lineage": "5063e796-6e12-ec8a-0898-ebca181deced",
  "outputs": {
    "minecraft_server_list": {
      "value": [
        "192.168.1.136",
        "192.168.1.152"
      ],
      "type": [
        "tuple",
        [
          "string",
          "string"
        ]
      ]
    },
    "minecraft_servers": {
      "value": {
        "minecraft-node-01": "192.168.1.136",
        "minecraft-node-02": "192.168.1.152"
      },
      "type": [
        "object",
        {
          "minecraft-node-01": "string",
          "minecraft-node-02": "string"
        }
      ]
    }
  },
  "resources": [
    {
      "mode": "managed",
      "type": "openstack_compute_instance_v2",
      "name": "minecraft_node",
      "provider": "provider[\"registry.terraform.io/terraform-provider-openstack/openstack\"]",
      "instances": [
        {
          "index_key": 0,
          "schema_version": 0,
          "attributes": {
            "access_ip_v4": "192.168.1.136",
            "access_ip_v6": "",
            "admin_pass": null,
            "all_metadata": {
              "environment": "production",
              "node": "1",
              "role": "minecraft"
            },
            "all_tags": [],
            "availability_zone": "nova",
            "availability_zone_hints": null,
            "block_device": [
              {
                "boot_index": 0,
                "delete_on_termination": true,
                "destination_type": "volume",
                "device_type": "",
                "disk_bus": "",
                "guest_format": "",
                "multiattach": false,
                "source_type": "image",
                "uuid": "335af725-4785-4217-945c-f85f528ecbfb",
                "volume_size": 20,
                "volume_type": ""
              }
            ],
            "config_drive": null,
            "created": "2026-05-06 22:32:15 +0000 UTC",
            "flavor_id": "102",
            "flavor_name": "medium",
            "force_delete": false,
            "id": "a3cd8452-16c8-4885-bf9f-a754ab29b097",
            "image_id": "Attempt to boot from volume - no image supplied",
            "image_name": null,
            "key_pair": "",
            "metadata": {
              "environment": "production",
              "node": "1",
              "role": "minecraft"
            },
            "name": "minecraft-node-01",
            "network": [
              {
                "access_network": false,
                "fixed_ip_v4": "192.168.1.136",
                "fixed_ip_v6": "",
                "mac": "fa:16:3e:ad:ce:b6",
                "name": "cloud-net",
                "port": "",
                "uuid": "3c730feb-ff5c-404c-a211-2f333bc8923f"
              }
            ],
            "network_mode": null,
            "personality": [],
            "power_state": "active",
            "region": "RegionOne",
            "scheduler_hints": [],
            "security_groups": [
              "minecraft-sg"
            ],
            "stop_before_destroy": false,
            "tags": null,
            "timeouts": null,
            "updated": "2026-05-06 22:32:26 +0000 UTC",
            "user_data": "1c34dd99cd7c87256d53690040cddb676509eeb3",
            "vendor_options": []
          },
          "sensitive_attributes": [
            [
              {
                "type": "get_attr",
                "value": "admin_pass"
              }
            ]
          ],
          "identity_schema_version": 0,
          "private": "eyJlMmJmYjczMC1lY2FhLTExZTYtOGY4OC0zNDM2M2JjN2M0YzAiOnsiY3JlYXRlIjoxODAwMDAwMDAwMDAwLCJkZWxldGUiOjE4MDAwMDAwMDAwMDAsInVwZGF0ZSI6MTgwMDAwMDAwMDAwMH19",
          "dependencies": [
            "openstack_networking_secgroup_v2.minecraft_sg"
          ]
        },
        {
          "index_key": 1,
          "schema_version": 0,
          "attributes": {
            "access_ip_v4": "192.168.1.152",
            "access_ip_v6": "",
            "admin_pass": null,
            "all_metadata": {
              "environment": "production",
              "node": "2",
              "role": "minecraft"
            },
            "all_tags": [],
            "availability_zone": "nova",
            "availability_zone_hints": null,
            "block_device": [
              {
                "boot_index": 0,
                "delete_on_termination": true,
                "destination_type": "volume",
                "device_type": "",
                "disk_bus": "",
                "guest_format": "",
                "multiattach": false,
                "source_type": "image",
                "uuid": "335af725-4785-4217-945c-f85f528ecbfb",
                "volume_size": 20,
                "volume_type": ""
              }
            ],
            "config_drive": null,
            "created": "2026-05-06 22:32:15 +0000 UTC",
            "flavor_id": "102",
            "flavor_name": "medium",
            "force_delete": false,
            "id": "00b23599-a54b-4dbd-b52b-428fc380809f",
            "image_id": "Attempt to boot from volume - no image supplied",
            "image_name": null,
            "key_pair": "",
            "metadata": {
              "environment": "production",
              "node": "2",
              "role": "minecraft"
            },
            "name": "minecraft-node-02",
            "network": [
              {
                "access_network": false,
                "fixed_ip_v4": "192.168.1.152",
                "fixed_ip_v6": "",
                "mac": "fa:16:3e:4b:9b:6b",
                "name": "cloud-net",
                "port": "",
                "uuid": "3c730feb-ff5c-404c-a211-2f333bc8923f"
              }
            ],
            "network_mode": null,
            "personality": [],
            "power_state": "active",
            "region": "RegionOne",
            "scheduler_hints": [],
            "security_groups": [
              "minecraft-sg"
            ],
            "stop_before_destroy": false,
            "tags": null,
            "timeouts": null,
            "updated": "2026-05-06 22:32:23 +0000 UTC",
            "user_data": "1c34dd99cd7c87256d53690040cddb676509eeb3",
            "vendor_options": []
          },
          "sensitive_attributes": [
            [
              {
                "type": "get_attr",
                "value": "admin_pass"
              }
            ]
          ],
          "identity_schema_version": 0,
          "private": "eyJlMmJmYjczMC1lY2FhLTExZTYtOGY4OC0zNDM2M2JjN2M0YzAiOnsiY3JlYXRlIjoxODAwMDAwMDAwMDAwLCJkZWxldGUiOjE4MDAwMDAwMDAwMDAsInVwZGF0ZSI6MTgwMDAwMDAwMDAwMH19",
          "dependencies": [
            "openstack_networking_secgroup_v2.minecraft_sg"
          ]
        }
      ]
    },
    {
      "mode": "managed",
      "type": "openstack_networking_secgroup_rule_v2",
      "name": "minecraft_port",
      "provider": "provider[\"registry.terraform.io/terraform-provider-openstack/openstack\"]",
      "instances": [
        {
          "schema_version": 0,
          "attributes": {
            "description": "",
            "direction": "ingress",
            "ethertype": "IPv4",
            "id": "c63b387b-4710-44f4-8ce0-62b1d0abb474",
            "port_range_max": 25565,
            "port_range_min": 25565,
            "protocol": "tcp",
            "region": "RegionOne",
            "remote_group_id": "",
            "remote_ip_prefix": "",
            "security_group_id": "68d55f54-e0a1-4a46-bb51-f1e335bdc576",
            "tenant_id": "f08c686abdd84e2b8c11696492b48eb7",
            "timeouts": null
          },
          "sensitive_attributes": [],
          "identity_schema_version": 0,
          "private": "eyJlMmJmYjczMC1lY2FhLTExZTYtOGY4OC0zNDM2M2JjN2M0YzAiOnsiZGVsZXRlIjo2MDAwMDAwMDAwMDB9fQ==",
          "dependencies": [
            "openstack_networking_secgroup_v2.minecraft_sg"
          ]
        }
      ]
    },
    {
      "mode": "managed",
      "type": "openstack_networking_secgroup_rule_v2",
      "name": "ssh",
      "provider": "provider[\"registry.terraform.io/terraform-provider-openstack/openstack\"]",
      "instances": [
        {
          "schema_version": 0,
          "attributes": {
            "description": "",
            "direction": "ingress",
            "ethertype": "IPv4",
            "id": "cb7baf71-9243-4ab9-8554-b91762f2cb52",
            "port_range_max": 22,
            "port_range_min": 22,
            "protocol": "tcp",
            "region": "RegionOne",
            "remote_group_id": "",
            "remote_ip_prefix": "",
            "security_group_id": "68d55f54-e0a1-4a46-bb51-f1e335bdc576",
            "tenant_id": "f08c686abdd84e2b8c11696492b48eb7",
            "timeouts": null
          },
          "sensitive_attributes": [],
          "identity_schema_version": 0,
          "private": "eyJlMmJmYjczMC1lY2FhLTExZTYtOGY4OC0zNDM2M2JjN2M0YzAiOnsiZGVsZXRlIjo2MDAwMDAwMDAwMDB9fQ==",
          "dependencies": [
            "openstack_networking_secgroup_v2.minecraft_sg"
          ]
        }
      ]
    },
    {
      "mode": "managed",
      "type": "openstack_networking_secgroup_v2",
      "name": "minecraft_sg",
      "provider": "provider[\"registry.terraform.io/terraform-provider-openstack/openstack\"]",
      "instances": [
        {
          "schema_version": 0,
          "attributes": {
            "all_tags": [],
            "delete_default_rules": null,
            "description": "Security group for Minecraft servers",
            "id": "68d55f54-e0a1-4a46-bb51-f1e335bdc576",
            "name": "minecraft-sg",
            "region": "RegionOne",
            "stateful": false,
            "tags": [],
            "tenant_id": "f08c686abdd84e2b8c11696492b48eb7",
            "timeouts": null
          },
          "sensitive_attributes": [],
          "identity_schema_version": 0,
          "private": "eyJlMmJmYjczMC1lY2FhLTExZTYtOGY4OC0zNDM2M2JjN2M0YzAiOnsiZGVsZXRlIjo2MDAwMDAwMDAwMDB9fQ=="
        }
      ]
    }
  ],
  "check_results": null
}
